
Microsoft Visual Studio Solution File, Format Version 12.00
Project("{FAE04EC0-301F-11D3-BF4B-00C04F79EFBC}") = "ReadFileAndSum", "ReadFileAndSum\ReadFileAndSum.csproj", "{63A07EFA-D7BD-4A5A-813A-90939709E0FC}"
EndProject
Global
	GlobalSection(SolutionConfigurationPlatforms) = preSolution
		Debug|Any CPU = Debug|Any CPU
		Release|Any CPU = Release|Any CPU
	EndGlobalSection
	GlobalSection(ProjectConfigurationPlatforms) = postSolution
		{63A07EFA-D7BD-4A5A-813A-90939709E0FC}.Debug|Any CPU.ActiveCfg = Debug|Any CPU
		{63A07EFA-D7BD-4A5A-813A-90939709E0FC}.Debug|Any CPU.Build.0 = Debug|Any CPU
		{63A07EFA-D7BD-4A5A-813A-90939709E0FC}.Release|Any CPU.ActiveCfg = Release|Any CPU
		{63A07EFA-D7BD-4A5A-813A-90939709E0FC}.Release|Any CPU.Build.0 = Release|Any CPU
	EndGlobalSection
EndGlobal
